# This file is automatically @generated by Cargo.
# It is not intended for manual editing.
version = 3

[[package]]
name = "citadel-agent-discord"
version = "0.1.0"

[[package]]
name = "citadel-agent-matrix"
version = "0.1.0"

[[package]]
name = "citadel-agent-revolt"
version = "0.1.0"

[[package]]
name = "citadel-core"
version = "0.1.0"

[[package]]
name = "citadel-interface"
version = "0.1.0"
